
Microsoft Visual Studio Solution File, Format Version 12.00
# Visual Studio Version 17
VisualStudioVersion = 17.10.35122.118
MinimumVisualStudioVersion = 10.0.40219.1
Project("{FAE04EC0-301F-11D3-BF4B-00C04F79EFBC}") = "replace #2", "replace #2\replace #2.csproj", "{93FAEF8A-33C6-4BCD-A927-7D432D226A05}"
EndProject
Global
	GlobalSection(SolutionConfigurationPlatforms) = preSolution
		Debug|Any CPU = Debug|Any CPU
		Release|Any CPU = Release|Any CPU
	EndGlobalSection
	GlobalSection(ProjectConfigurationPlatforms) = postSolution
		{93FAEF8A-33C6-4BCD-A927-7D432D226A05}.Debug|Any CPU.ActiveCfg = Debug|Any CPU
		{93FAEF8A-33C6-4BCD-A927-7D432D226A05}.Debug|Any CPU.Build.0 = Debug|Any CPU
		{93FAEF8A-33C6-4BCD-A927-7D432D226A05}.Release|Any CPU.ActiveCfg = Release|Any CPU
		{93FAEF8A-33C6-4BCD-A927-7D432D226A05}.Release|Any CPU.Build.0 = Release|Any CPU
	EndGlobalSection
	GlobalSection(SolutionProperties) = preSolution
		HideSolutionNode = FALSE
	EndGlobalSection
	GlobalSection(ExtensibilityGlobals) = postSolution
		SolutionGuid = {CA013EDE-CF4B-49DE-A116-F5B61BA7E464}
	EndGlobalSection
EndGlobal
